// !$*UTF8*$!
{
	archiveVersion = 1;
	classes = {
	};
	objectVersion = 46;
	objects = {

/* Begin PBXBuildFile section */
		03E53DCE1DDA2FE99B72EE6F /* Pods_MyBarkPack.framework in Frameworks */ = {isa = PBXBuildFile; fileRef = 850475EAFACC31B20F01DDF4 /* Pods_MyBarkPack.framework */; };
		BC46CEEB1CCB68CB006BAFC0 /* AppDelegate.swift in Sources */ = {isa = PBXBuildFile; fileRef = BC46CEEA1CCB68CA006BAFC0 /* AppDelegate.swift */; };
		BC46CEF01CCB68CB006BAFC0 /* Main.storyboard in Resources */ = {isa = PBXBuildFile; fileRef = BC46CEEE1CCB68CB006BAFC0 /* Main.storyboard */; };
		BC46CEF21CCB68CB006BAFC0 /* Assets.xcassets in Resources */ = {isa = PBXBuildFile; fileRef = BC46CEF11CCB68CB006BAFC0 /* Assets.xcassets */; };
		BC46CEF51CCB68CB006BAFC0 /* LaunchScreen.storyboard in Resources */ = {isa = PBXBuildFile; fileRef = BC46CEF31CCB68CB006BAFC0 /* LaunchScreen.storyboard */; };
		BC46CF011CCB6947006BAFC0 /* Stack.swift in Sources */ = {isa = PBXBuildFile; fileRef = BC46CF001CCB6947006BAFC0 /* Stack.swift */; };
		BC46CF041CCB6966006BAFC0 /* Model.xcdatamodeld in Sources */ = {isa = PBXBuildFile; fileRef = BC46CF021CCB6966006BAFC0 /* Model.xcdatamodeld */; };
		BC46CF0B1CCB6E81006BAFC0 /* Dog+CoreDataProperties.swift in Sources */ = {isa = PBXBuildFile; fileRef = BC46CF071CCB6E81006BAFC0 /* Dog+CoreDataProperties.swift */; };
		BC46CF0C1CCB6E81006BAFC0 /* Dog.swift in Sources */ = {isa = PBXBuildFile; fileRef = BC46CF081CCB6E81006BAFC0 /* Dog.swift */; };
		BC46CF0F1CCB790C006BAFC0 /* Image.swift in Sources */ = {isa = PBXBuildFile; fileRef = BC46CF0E1CCB790C006BAFC0 /* Image.swift */; };
		BC46CF111CCB7D72006BAFC0 /* DogListViewController.swift in Sources */ = {isa = PBXBuildFile; fileRef = BC46CF101CCB7D72006BAFC0 /* DogListViewController.swift */; };
		BC46CF131CCB8046006BAFC0 /* UIColor+PalleteColor.swift in Sources */ = {isa = PBXBuildFile; fileRef = BC46CF121CCB8046006BAFC0 /* UIColor+PalleteColor.swift */; };
		BC46CF151CCB8142006BAFC0 /* AppearanceController.swift in Sources */ = {isa = PBXBuildFile; fileRef = BC46CF141CCB8142006BAFC0 /* AppearanceController.swift */; };
		BC46CF171CCD9BC0006BAFC0 /* DogTableViewCell.swift in Sources */ = {isa = PBXBuildFile; fileRef = BC46CF161CCD9BC0006BAFC0 /* DogTableViewCell.swift */; };
		BC46CF191CCDA73F006BAFC0 /* DogController.swift in Sources */ = {isa = PBXBuildFile; fileRef = BC46CF181CCDA73F006BAFC0 /* DogController.swift */; };
		BC46CF1B1CCDD191006BAFC0 /* DogDetailViewController.swift in Sources */ = {isa = PBXBuildFile; fileRef = BC46CF1A1CCDD191006BAFC0 /* DogDetailViewController.swift */; };
		BC46CF1D1CCDE015006BAFC0 /* TaskTableViewCell.swift in Sources */ = {isa = PBXBuildFile; fileRef = BC46CF1C1CCDE015006BAFC0 /* TaskTableViewCell.swift */; };
		BC46CF1F1CCDE0FA006BAFC0 /* TaskController.swift in Sources */ = {isa = PBXBuildFile; fileRef = BC46CF1E1CCDE0FA006BAFC0 /* TaskController.swift */; };
		BC527D6E1CDBF1B800C19F31 /* Task+CoreDataProperties.swift in Sources */ = {isa = PBXBuildFile; fileRef = BC527D6C1CDBF1B800C19F31 /* Task+CoreDataProperties.swift */; };
		BC527D6F1CDBF1B800C19F31 /* Task.swift in Sources */ = {isa = PBXBuildFile; fileRef = BC527D6D1CDBF1B800C19F31 /* Task.swift */; };
		BC527D8E1CE17A3E00C19F31 /* TaskButton.swift in Sources */ = {isa = PBXBuildFile; fileRef = BC527D8D1CE17A3E00C19F31 /* TaskButton.swift */; };
		BC527D901CE27B7B00C19F31 /* SectionHeader.xib in Resources */ = {isa = PBXBuildFile; fileRef = BC527D8F1CE27B7A00C19F31 /* SectionHeader.xib */; };
		BC527D941CE27EB900C19F31 /* SectionHeaderView.swift in Sources */ = {isa = PBXBuildFile; fileRef = BC527D931CE27EB900C19F31 /* SectionHeaderView.swift */; };
		BC527D961CE2ADB200C19F31 /* PawImage.swift in Sources */ = {isa = PBXBuildFile; fileRef = BC527D951CE2ADB200C19F31 /* PawImage.swift */; };
		BC527D981CE3972200C19F31 /* HeaderLabelContainerView.swift in Sources */ = {isa = PBXBuildFile; fileRef = BC527D971CE3972200C19F31 /* HeaderLabelContainerView.swift */; };
		BCC41CF91CD5242D0099A326 /* CircleView.swift in Sources */ = {isa = PBXBuildFile; fileRef = BCC41CF81CD5242D0099A326 /* CircleView.swift */; };
		BCC41CFB1CD525B60099A326 /* LabelContainerView.swift in Sources */ = {isa = PBXBuildFile; fileRef = BCC41CFA1CD525B60099A326 /* LabelContainerView.swift */; };
/* End PBXBuildFile section */

/* Begin PBXFileReference section */
		850475EAFACC31B20F01DDF4 /* Pods_MyBarkPack.framework */ = {isa = PBXFileReference; explicitFileType = wrapper.framework; includeInIndex = 0; path = Pods_MyBarkPack.framework; sourceTree = BUILT_PRODUCTS_DIR; };
		BB5BC1214B2BD6CDF2E6DFBF /* Pods-MyBarkPack.release.xcconfig */ = {isa = PBXFileReference; includeInIndex = 1; lastKnownFileType = text.xcconfig; name = "Pods-MyBarkPack.release.xcconfig"; path = "Pods/Target Support Files/Pods-MyBarkPack/Pods-MyBarkPack.release.xcconfig"; sourceTree = "<group>"; };
		BC46CEE71CCB68CA006BAFC0 /* MyBarkPack.app */ = {isa = PBXFileReference; explicitFileType = wrapper.application; includeInIndex = 0; path = MyBarkPack.app; sourceTree = BUILT_PRODUCTS_DIR; };
		BC46CEEA1CCB68CA006BAFC0 /* AppDelegate.swift */ = {isa = PBXFileReference; lastKnownFileType = sourcecode.swift; path = AppDelegate.swift; sourceTree = "<group>"; };
		BC46CEEF1CCB68CB006BAFC0 /* Base */ = {isa = PBXFileReference; lastKnownFileType = file.storyboard; name = Base; path = Base.lproj/Main.storyboard; sourceTree = "<group>"; };
		BC46CEF11CCB68CB006BAFC0 /* Assets.xcassets */ = {isa = PBXFileReference; lastKnownFileType = folder.assetcatalog; path = Assets.xcassets; sourceTree = "<group>"; };
		BC46CEF41CCB68CB006BAFC0 /* Base */ = {isa = PBXFileReference; lastKnownFileType = file.storyboard; name = Base; path = Base.lproj/LaunchScreen.storyboard; sourceTree = "<group>"; };
		BC46CEF61CCB68CB006BAFC0 /* Info.plist */ = {isa = PBXFileReference; lastKnownFileType = text.plist.xml; path = Info.plist; sourceTree = "<group>"; };
		BC46CF001CCB6947006BAFC0 /* Stack.swift */ = {isa = PBXFileReference; fileEncoding = 4; lastKnownFileType = sourcecode.swift; path = Stack.swift; sourceTree = "<group>"; };
		BC46CF031CCB6966006BAFC0 /* Model.xcdatamodel */ = {isa = PBXFileReference; lastKnownFileType = wrapper.xcdatamodel; path = Model.xcdatamodel; sourceTree = "<group>"; };
		BC46CF071CCB6E81006BAFC0 /* Dog+CoreDataProperties.swift */ = {isa = PBXFileReference; fileEncoding = 4; lastKnownFileType = sourcecode.swift; path = "Dog+CoreDataProperties.swift"; sourceTree = "<group>"; };
		BC46CF081CCB6E81006BAFC0 /* Dog.swift */ = {isa = PBXFileReference; fileEncoding = 4; lastKnownFileType = sourcecode.swift; path = Dog.swift; sourceTree = "<group>"; };
		BC46CF0E1CCB790C006BAFC0 /* Image.swift */ = {isa = PBXFileReference; fileEncoding = 4; lastKnownFileType = sourcecode.swift; path = Image.swift; sourceTree = "<group>"; };
		BC46CF101CCB7D72006BAFC0 /* DogListViewController.swift */ = {isa = PBXFileReference; fileEncoding = 4; lastKnownFileType = sourcecode.swift; path = DogListViewController.swift; sourceTree = "<group>"; };
		BC46CF121CCB8046006BAFC0 /* UIColor+PalleteColor.swift */ = {isa = PBXFileReference; fileEncoding = 4; lastKnownFileType = sourcecode.swift; path = "UIColor+PalleteColor.swift"; sourceTree = "<group>"; };
		BC46CF141CCB8142006BAFC0 /* AppearanceController.swift */ = {isa = PBXFileReference; fileEncoding = 4; lastKnownFileType = sourcecode.swift; path = AppearanceController.swift; sourceTree = "<group>"; };
		BC46CF161CCD9BC0006BAFC0 /* DogTableViewCell.swift */ = {isa = PBXFileReference; fileEncoding = 4; lastKnownFileType = sourcecode.swift; path = DogTableViewCell.swift; sourceTree = "<group>"; };
		BC46CF181CCDA73F006BAFC0 /* DogController.swift */ = {isa = PBXFileReference; fileEncoding = 4; lastKnownFileType = sourcecode.swift; path = DogController.swift; sourceTree = "<group>"; };
		BC46CF1A1CCDD191006BAFC0 /* DogDetailViewController.swift */ = {isa = PBXFileReference; fileEncoding = 4; lastKnownFileType = sourcecode.swift; path = DogDetailViewController.swift; sourceTree = "<group>"; };
		BC46CF1C1CCDE015006BAFC0 /* TaskTableViewCell.swift */ = {isa = PBXFileReference; fileEncoding = 4; lastKnownFileType = sourcecode.swift; path = TaskTableViewCell.swift; sourceTree = "<group>"; };
		BC46CF1E1CCDE0FA006BAFC0 /* TaskController.swift */ = {isa = PBXFileReference; fileEncoding = 4; lastKnownFileType = sourcecode.swift; path = TaskController.swift; sourceTree = "<group>"; };
		BC527D6C1CDBF1B800C19F31 /* Task+CoreDataProperties.swift */ = {isa = PBXFileReference; fileEncoding = 4; lastKnownFileType = sourcecode.swift; path = "Task+CoreDataProperties.swift"; sourceTree = "<group>"; };
		BC527D6D1CDBF1B800C19F31 /* Task.swift */ = {isa = PBXFileReference; fileEncoding = 4; lastKnownFileType = sourcecode.swift; path = Task.swift; sourceTree = "<group>"; };
		BC527D891CE16E3300C19F31 /* MyBarkPack-Bridging-Header.h */ = {isa = PBXFileReference; lastKnownFileType = sourcecode.c.h; path = "MyBarkPack-Bridging-Header.h"; sourceTree = "<group>"; };
		BC527D8D1CE17A3E00C19F31 /* TaskButton.swift */ = {isa = PBXFileReference; fileEncoding = 4; lastKnownFileType = sourcecode.swift; path = TaskButton.swift; sourceTree = "<group>"; };
		BC527D8F1CE27B7A00C19F31 /* SectionHeader.xib */ = {isa = PBXFileReference; fileEncoding = 4; lastKnownFileType = file.xib; path = SectionHeader.xib; sourceTree = "<group>"; };
		BC527D931CE27EB900C19F31 /* SectionHeaderView.swift */ = {isa = PBXFileReference; fileEncoding = 4; lastKnownFileType = sourcecode.swift; path = SectionHeaderView.swift; sourceTree = "<group>"; };
		BC527D951CE2ADB200C19F31 /* PawImage.swift */ = {isa = PBXFileReference; fileEncoding = 4; lastKnownFileType = sourcecode.swift; path = PawImage.swift; sourceTree = "<group>"; };
		BC527D971CE3972200C19F31 /* HeaderLabelContainerView.swift */ = {isa = PBXFileReference; fileEncoding = 4; lastKnownFileType = sourcecode.swift; path = HeaderLabelContainerView.swift; sourceTree = "<group>"; };
		BCC41CF81CD5242D0099A326 /* CircleView.swift */ = {isa = PBXFileReference; fileEncoding = 4; lastKnownFileType = sourcecode.swift; path = CircleView.swift; sourceTree = "<group>"; };
		BCC41CFA1CD525B60099A326 /* LabelContainerView.swift */ = {isa = PBXFileReference; fileEncoding = 4; lastKnownFileType = sourcecode.swift; path = LabelContainerView.swift; sourceTree = "<group>"; };
		DEAA484B5E335111164FC587 /* Pods-MyBarkPack.debug.xcconfig */ = {isa = PBXFileReference; includeInIndex = 1; lastKnownFileType = text.xcconfig; name = "Pods-MyBarkPack.debug.xcconfig"; path = "Pods/Target Support Files/Pods-MyBarkPack/Pods-MyBarkPack.debug.xcconfig"; sourceTree = "<group>"; };
/* End PBXFileReference section */

/* Begin PBXFrameworksBuildPhase section */
		BC46CEE41CCB68CA006BAFC0 /* Frameworks */ = {
			isa = PBXFrameworksBuildPhase;
			buildActionMask = 2147483647;
			files = (
				03E53DCE1DDA2FE99B72EE6F /* Pods_MyBarkPack.framework in Frameworks */,
			);
			runOnlyForDeploymentPostprocessing = 0;
		};
/* End PBXFrameworksBuildPhase section */

/* Begin PBXGroup section */
		1CC59F0ADB297B25ACBBA502 /* Frameworks */ = {
			isa = PBXGroup;
			children = (
				850475EAFACC31B20F01DDF4 /* Pods_MyBarkPack.framework */,
			);
			name = Frameworks;
			sourceTree = "<group>";
		};
		BC46CEDE1CCB68CA006BAFC0 = {
			isa = PBXGroup;
			children = (
				BC46CEE91CCB68CA006BAFC0 /* MyBarkPack */,
				BC46CEE81CCB68CA006BAFC0 /* Products */,
				DF70844870FF1C0297B66738 /* Pods */,
				1CC59F0ADB297B25ACBBA502 /* Frameworks */,
			);
			sourceTree = "<group>";
		};
		BC46CEE81CCB68CA006BAFC0 /* Products */ = {
			isa = PBXGroup;
			children = (
				BC46CEE71CCB68CA006BAFC0 /* MyBarkPack.app */,
			);
			name = Products;
			sourceTree = "<group>";
		};
		BC46CEE91CCB68CA006BAFC0 /* MyBarkPack */ = {
			isa = PBXGroup;
			children = (
				BCC41CF71CD523AC0099A326 /* CustomViews */,
				BC46CF0D1CCB78DD006BAFC0 /* Utilities */,
				BC46CEFF1CCB6929006BAFC0 /* CoreData */,
				BC46CEFE1CCB6922006BAFC0 /* Model */,
				BC46CEFD1CCB691D006BAFC0 /* View */,
				BC46CEFC1CCB6917006BAFC0 /* Controller */,
				BC46CEEE1CCB68CB006BAFC0 /* Main.storyboard */,
				BC46CEF11CCB68CB006BAFC0 /* Assets.xcassets */,
				BC46CEF31CCB68CB006BAFC0 /* LaunchScreen.storyboard */,
				BC46CEEA1CCB68CA006BAFC0 /* AppDelegate.swift */,
				BC46CEF61CCB68CB006BAFC0 /* Info.plist */,
			);
			path = MyBarkPack;
			sourceTree = "<group>";
		};
		BC46CEFC1CCB6917006BAFC0 /* Controller */ = {
			isa = PBXGroup;
			children = (
				BC46CF141CCB8142006BAFC0 /* AppearanceController.swift */,
				BC46CF181CCDA73F006BAFC0 /* DogController.swift */,
				BC46CF1E1CCDE0FA006BAFC0 /* TaskController.swift */,
			);
			name = Controller;
			sourceTree = "<group>";
		};
		BC46CEFD1CCB691D006BAFC0 /* View */ = {
			isa = PBXGroup;
			children = (
				BC46CF101CCB7D72006BAFC0 /* DogListViewController.swift */,
				BC46CF161CCD9BC0006BAFC0 /* DogTableViewCell.swift */,
				BC46CF1A1CCDD191006BAFC0 /* DogDetailViewController.swift */,
				BC527D8F1CE27B7A00C19F31 /* SectionHeader.xib */,
				BC527D931CE27EB900C19F31 /* SectionHeaderView.swift */,
				BC46CF1C1CCDE015006BAFC0 /* TaskTableViewCell.swift */,
			);
			name = View;
			sourceTree = "<group>";
		};
		BC46CEFE1CCB6922006BAFC0 /* Model */ = {
			isa = PBXGroup;
			children = (
				BC46CF081CCB6E81006BAFC0 /* Dog.swift */,
				BC527D6D1CDBF1B800C19F31 /* Task.swift */,
			);
			name = Model;
			sourceTree = "<group>";
		};
		BC46CEFF1CCB6929006BAFC0 /* CoreData */ = {
			isa = PBXGroup;
			children = (
				BC46CF071CCB6E81006BAFC0 /* Dog+CoreDataProperties.swift */,
				BC527D6C1CDBF1B800C19F31 /* Task+CoreDataProperties.swift */,
				BC46CF001CCB6947006BAFC0 /* Stack.swift */,
				BC46CF021CCB6966006BAFC0 /* Model.xcdatamodeld */,
			);
			name = CoreData;
			sourceTree = "<group>";
		};
		BC46CF0D1CCB78DD006BAFC0 /* Utilities */ = {
			isa = PBXGroup;
			children = (
				BC46CF121CCB8046006BAFC0 /* UIColor+PalleteColor.swift */,
			);
			name = Utilities;
			sourceTree = "<group>";
		};
		BCC41CF71CD523AC0099A326 /* CustomViews */ = {
			isa = PBXGroup;
			children = (
				BC46CF0E1CCB790C006BAFC0 /* Image.swift */,
				BCC41CF81CD5242D0099A326 /* CircleView.swift */,
				BC527D971CE3972200C19F31 /* HeaderLabelContainerView.swift */,
				BCC41CFA1CD525B60099A326 /* LabelContainerView.swift */,
				BC527D8D1CE17A3E00C19F31 /* TaskButton.swift */,
				BC527D951CE2ADB200C19F31 /* PawImage.swift */,
			);
			name = CustomViews;
			sourceTree = "<group>";
		};
		DF70844870FF1C0297B66738 /* Pods */ = {
			isa = PBXGroup;
			children = (
				BC527D891CE16E3300C19F31 /* MyBarkPack-Bridging-Header.h */,
				DEAA484B5E335111164FC587 /* Pods-MyBarkPack.debug.xcconfig */,
				BB5BC1214B2BD6CDF2E6DFBF /* Pods-MyBarkPack.release.xcconfig */,
			);
			name = Pods;
			sourceTree = "<group>";
		};
/* End PBXGroup section */

/* Begin PBXNativeTarget section */
		BC46CEE61CCB68CA006BAFC0 /* MyBarkPack */ = {
			isa = PBXNativeTarget;
			buildConfigurationList = BC46CEF91CCB68CB006BAFC0 /* Build configuration list for PBXNativeTarget "MyBarkPack" */;
			buildPhases = (
				99B2C2169DE392BABC4ACD10 /* Check Pods Manifest.lock */,
				BC46CEE31CCB68CA006BAFC0 /* Sources */,
				BC46CEE41CCB68CA006BAFC0 /* Frameworks */,
				BC46CEE51CCB68CA006BAFC0 /* Resources */,
				CDABB5991FC755F6BB00CF40 /* Embed Pods Frameworks */,
				F4CE10815D6B5C179AC154B3 /* Copy Pods Resources */,
			);
			buildRules = (
			);
			dependencies = (
			);
			name = MyBarkPack;
			productName = MyBarkPack;
			productReference = BC46CEE71CCB68CA006BAFC0 /* MyBarkPack.app */;
			productType = "com.apple.product-type.application";
		};
/* End PBXNativeTarget section */

/* Begin PBXProject section */
		BC46CEDF1CCB68CA006BAFC0 /* Project object */ = {
			isa = PBXProject;
			attributes = {
				LastSwiftUpdateCheck = 0730;
				LastUpgradeCheck = 0730;
				ORGANIZATIONNAME = home;
				TargetAttributes = {
					BC46CEE61CCB68CA006BAFC0 = {
						CreatedOnToolsVersion = 7.3;
						DevelopmentTeam = HQN23BS377;
					};
				};
			};
			buildConfigurationList = BC46CEE21CCB68CA006BAFC0 /* Build configuration list for PBXProject "MyBarkPack" */;
			compatibilityVersion = "Xcode 3.2";
			developmentRegion = English;
			hasScannedForEncodings = 0;
			knownRegions = (
				en,
				Base,
			);
			mainGroup = BC46CEDE1CCB68CA006BAFC0;
			productRefGroup = BC46CEE81CCB68CA006BAFC0 /* Products */;
			projectDirPath = "";
			projectRoot = "";
			targets = (
				BC46CEE61CCB68CA006BAFC0 /* MyBarkPack */,
			);
		};
/* End PBXProject section */

/* Begin PBXResourcesBuildPhase section */
		BC46CEE51CCB68CA006BAFC0 /* Resources */ = {
			isa = PBXResourcesBuildPhase;
			buildActionMask = 2147483647;
			files = (
				BC46CEF51CCB68CB006BAFC0 /* LaunchScreen.storyboard in Resources */,
				BC46CEF21CCB68CB006BAFC0 /* Assets.xcassets in Resources */,
				BC46CEF01CCB68CB006BAFC0 /* Main.storyboard in Resources */,
				BC527D901CE27B7B00C19F31 /* SectionHeader.xib in Resources */,
			);
			runOnlyForDeploymentPostprocessing = 0;
		};
/* End PBXResourcesBuildPhase section */

/* Begin PBXShellScriptBuildPhase section */
		99B2C2169DE392BABC4ACD10 /* Check Pods Manifest.lock */ = {
			isa = PBXShellScriptBuildPhase;
			buildActionMask = 2147483647;
			files = (
			);
			inputPaths = (
			);
			name = "Check Pods Manifest.lock";
			outputPaths = (
			);
			runOnlyForDeploymentPostprocessing = 0;
			shellPath = /bin/sh;
			shellScript = "diff \"${PODS_ROOT}/../Podfile.lock\" \"${PODS_ROOT}/Manifest.lock\" > /dev/null\nif [[ $? != 0 ]] ; then\n    cat << EOM\nerror: The sandbox is not in sync with the Podfile.lock. Run 'pod install' or update your CocoaPods installation.\nEOM\n    exit 1\nfi\n";
			showEnvVarsInLog = 0;
		};
		CDABB5991FC755F6BB00CF40 /* Embed Pods Frameworks */ = {
			isa = PBXShellScriptBuildPhase;
			buildActionMask = 2147483647;
			files = (
			);
			inputPaths = (
			);
			name = "Embed Pods Frameworks";
			outputPaths = (
			);
			runOnlyForDeploymentPostprocessing = 0;
			shellPath = /bin/sh;
			shellScript = "\"${SRCROOT}/Pods/Target Support Files/Pods-MyBarkPack/Pods-MyBarkPack-frameworks.sh\"\n";
			showEnvVarsInLog = 0;
		};
		F4CE10815D6B5C179AC154B3 /* Copy Pods Resources */ = {
			isa = PBXShellScriptBuildPhase;
			buildActionMask = 2147483647;
			files = (
			);
			inputPaths = (
			);
			name = "Copy Pods Resources";
			outputPaths = (
			);
			runOnlyForDeploymentPostprocessing = 0;
			shellPath = /bin/sh;
			shellScript = "\"${SRCROOT}/Pods/Target Support Files/Pods-MyBarkPack/Pods-MyBarkPack-resources.sh\"\n";
			showEnvVarsInLog = 0;
		};
/* End PBXShellScriptBuildPhase section */

/* Begin PBXSourcesBuildPhase section */
		BC46CEE31CCB68CA006BAFC0 /* Sources */ = {
			isa = PBXSourcesBuildPhase;
			buildActionMask = 2147483647;
			files = (
				BC46CF1B1CCDD191006BAFC0 /* DogDetailViewController.swift in Sources */,
				BC527D961CE2ADB200C19F31 /* PawImage.swift in Sources */,
				BC46CF0B1CCB6E81006BAFC0 /* Dog+CoreDataProperties.swift in Sources */,
				BC46CF1D1CCDE015006BAFC0 /* TaskTableViewCell.swift in Sources */,
				BC527D941CE27EB900C19F31 /* SectionHeaderView.swift in Sources */,
				BC527D6E1CDBF1B800C19F31 /* Task+CoreDataProperties.swift in Sources */,
				BC46CF0F1CCB790C006BAFC0 /* Image.swift in Sources */,
				BC46CF171CCD9BC0006BAFC0 /* DogTableViewCell.swift in Sources */,
				BC527D6F1CDBF1B800C19F31 /* Task.swift in Sources */,
				BC46CF0C1CCB6E81006BAFC0 /* Dog.swift in Sources */,
				BC46CF1F1CCDE0FA006BAFC0 /* TaskController.swift in Sources */,
				BC527D8E1CE17A3E00C19F31 /* TaskButton.swift in Sources */,
				BC46CF011CCB6947006BAFC0 /* Stack.swift in Sources */,
				BC46CF191CCDA73F006BAFC0 /* DogController.swift in Sources */,
				BC46CF111CCB7D72006BAFC0 /* DogListViewController.swift in Sources */,
				BC46CF131CCB8046006BAFC0 /* UIColor+PalleteColor.swift in Sources */,
				BC527D981CE3972200C19F31 /* HeaderLabelContainerView.swift in Sources */,
				BCC41CFB1CD525B60099A326 /* LabelContainerView.swift in Sources */,
				BCC41CF91CD5242D0099A326 /* CircleView.swift in Sources */,
				BC46CEEB1CCB68CB006BAFC0 /* AppDelegate.swift in Sources */,
				BC46CF151CCB8142006BAFC0 /* AppearanceController.swift in Sources */,
				BC46CF041CCB6966006BAFC0 /* Model.xcdatamodeld in Sources */,
			);
			runOnlyForDeploymentPostprocessing = 0;
		};
/* End PBXSourcesBuildPhase section */

/* Begin PBXVariantGroup section */
		BC46CEEE1CCB68CB006BAFC0 /* Main.storyboard */ = {
			isa = PBXVariantGroup;
			children = (
				BC46CEEF1CCB68CB006BAFC0 /* Base */,
			);
			name = Main.storyboard;
			sourceTree = "<group>";
		};
		BC46CEF31CCB68CB006BAFC0 /* LaunchScreen.storyboard */ = {
			isa = PBXVariantGroup;
			children = (
				BC46CEF41CCB68CB006BAFC0 /* Base */,
			);
			name = LaunchScreen.storyboard;
			sourceTree = "<group>";
		};
/* End PBXVariantGroup section */

/* Begin XCBuildConfiguration section */
		BC46CEF71CCB68CB006BAFC0 /* Debug */ = {
			isa = XCBuildConfiguration;
			buildSettings = {
				ALWAYS_SEARCH_USER_PATHS = NO;
				CLANG_ANALYZER_NONNULL = YES;
				CLANG_CXX_LANGUAGE_STANDARD = "gnu++0x";
				CLANG_CXX_LIBRARY = "libc++";
				CLANG_ENABLE_MODULES = YES;
				CLANG_ENABLE_OBJC_ARC = YES;
				CLANG_WARN_BOOL_CONVERSION = YES;
				CLANG_WARN_CONSTANT_CONVERSION = YES;
				CLANG_WARN_DIRECT_OBJC_ISA_USAGE = YES_ERROR;
				CLANG_WARN_EMPTY_BODY = YES;
				CLANG_WARN_ENUM_CONVERSION = YES;
				CLANG_WARN_INT_CONVERSION = YES;
				CLANG_WARN_OBJC_ROOT_CLASS = YES_ERROR;
				CLANG_WARN_UNREACHABLE_CODE = YES;
				CLANG_WARN__DUPLICATE_METHOD_MATCH = YES;
				"CODE_SIGN_IDENTITY[sdk=iphoneos*]" = "iPhone Developer";
				COPY_PHASE_STRIP = NO;
				DEBUG_INFORMATION_FORMAT = dwarf;
				ENABLE_STRICT_OBJC_MSGSEND = YES;
				ENABLE_TESTABILITY = YES;
				GCC_C_LANGUAGE_STANDARD = gnu99;
				GCC_DYNAMIC_NO_PIC = NO;
				GCC_NO_COMMON_BLOCKS = YES;
				GCC_OPTIMIZATION_LEVEL = 0;
				GCC_PREPROCESSOR_DEFINITIONS = (
					"DEBUG=1",
					"$(inherited)",
				);
				GCC_WARN_64_TO_32_BIT_CONVERSION = YES;
				GCC_WARN_ABOUT_RETURN_TYPE = YES_ERROR;
				GCC_WARN_UNDECLARED_SELECTOR = YES;
				GCC_WARN_UNINITIALIZED_AUTOS = YES_AGGRESSIVE;
				GCC_WARN_UNUSED_FUNCTION = YES;
				GCC_WARN_UNUSED_VARIABLE = YES;
				IPHONEOS_DEPLOYMENT_TARGET = 9.3;
				MTL_ENABLE_DEBUG_INFO = YES;
				ONLY_ACTIVE_ARCH = YES;
				SDKROOT = iphoneos;
				SWIFT_OPTIMIZATION_LEVEL = "-Onone";
			};
			name = Debug;
		};
		BC46CEF81CCB68CB006BAFC0 /* Release */ = {
			isa = XCBuildConfiguration;
			buildSettings = {
				ALWAYS_SEARCH_USER_PATHS = NO;
				CLANG_ANALYZER_NONNULL = YES;
				CLANG_CXX_LANGUAGE_STANDARD = "gnu++0x";
				CLANG_CXX_LIBRARY = "libc++";
				CLANG_ENABLE_MODULES = YES;
				CLANG_ENABLE_OBJC_ARC = YES;
				CLANG_WARN_BOOL_CONVERSION = YES;
				CLANG_WARN_CONSTANT_CONVERSION = YES;
				CLANG_WARN_DIRECT_OBJC_ISA_USAGE = YES_ERROR;
				CLANG_WARN_EMPTY_BODY = YES;
				CLANG_WARN_ENUM_CONVERSION = YES;
				CLANG_WARN_INT_CONVERSION = YES;
				CLANG_WARN_OBJC_ROOT_CLASS = YES_ERROR;
				CLANG_WARN_UNREACHABLE_CODE = YES;
				CLANG_WARN__DUPLICATE_METHOD_MATCH = YES;
				"CODE_SIGN_IDENTITY[sdk=iphoneos*]" = "iPhone Developer";
				COPY_PHASE_STRIP = NO;
				DEBUG_INFORMATION_FORMAT = "dwarf-with-dsym";
				ENABLE_NS_ASSERTIONS = NO;
				ENABLE_STRICT_OBJC_MSGSEND = YES;
				GCC_C_LANGUAGE_STANDARD = gnu99;
				GCC_NO_COMMON_BLOCKS = YES;
				GCC_WARN_64_TO_32_BIT_CONVERSION = YES;
				GCC_WARN_ABOUT_RETURN_TYPE = YES_ERROR;
				GCC_WARN_UNDECLARED_SELECTOR = YES;
				GCC_WARN_UNINITIALIZED_AUTOS = YES_AGGRESSIVE;
				GCC_WARN_UNUSED_FUNCTION = YES;
				GCC_WARN_UNUSED_VARIABLE = YES;
				IPHONEOS_DEPLOYMENT_TARGET = 9.3;
				MTL_ENABLE_DEBUG_INFO = NO;
				SDKROOT = iphoneos;
				VALIDATE_PRODUCT = YES;
			};
			name = Release;
		};
		BC46CEFA1CCB68CB006BAFC0 /* Debug */ = {
			isa = XCBuildConfiguration;
			baseConfigurationReference = DEAA484B5E335111164FC587 /* Pods-MyBarkPack.debug.xcconfig */;
			buildSettings = {
				ASSETCATALOG_COMPILER_APPICON_NAME = AppIcon;
				CLANG_ENABLE_MODULES = YES;
				CODE_SIGN_IDENTITY = "iPhone Developer";
				INFOPLIST_FILE = MyBarkPack/Info.plist;
				LD_RUNPATH_SEARCH_PATHS = "$(inherited) @executable_path/Frameworks";
				PRODUCT_BUNDLE_IDENTIFIER = com.diegoa3d.MyBarkPack;
				PRODUCT_NAME = "$(TARGET_NAME)";
				SWIFT_OBJC_BRIDGING_HEADER = "MyBarkPack-Bridging-Header.h";
				SWIFT_OPTIMIZATION_LEVEL = "-Onone";
			};
			name = Debug;
		};
		BC46CEFB1CCB68CB006BAFC0 /* Release */ = {
			isa = XCBuildConfiguration;
			baseConfigurationReference = BB5BC1214B2BD6CDF2E6DFBF /* Pods-MyBarkPack.release.xcconfig */;
			buildSettings = {
				ASSETCATALOG_COMPILER_APPICON_NAME = AppIcon;
				CLANG_ENABLE_MODULES = YES;
				CODE_SIGN_IDENTITY = "iPhone Developer";
				INFOPLIST_FILE = MyBarkPack/Info.plist;
				LD_RUNPATH_SEARCH_PATHS = "$(inherited) @executable_path/Frameworks";
				PRODUCT_BUNDLE_IDENTIFIER = com.diegoa3d.MyBarkPack;
				PRODUCT_NAME = "$(TARGET_NAME)";
				SWIFT_OBJC_BRIDGING_HEADER = "MyBarkPack-Bridging-Header.h";
			};
			name = Release;
		};
/* End XCBuildConfiguration section */

/* Begin XCConfigurationList section */
		BC46CEE21CCB68CA006BAFC0 /* Build configuration list for PBXProject "MyBarkPack" */ = {
			isa = XCConfigurationList;
			buildConfigurations = (
				BC46CEF71CCB68CB006BAFC0 /* Debug */,
				BC46CEF81CCB68CB006BAFC0 /* Release */,
			);
			defaultConfigurationIsVisible = 0;
			defaultConfigurationName = Release;
		};
		BC46CEF91CCB68CB006BAFC0 /* Build configuration list for PBXNativeTarget "MyBarkPack" */ = {
			isa = XCConfigurationList;
			buildConfigurations = (
				BC46CEFA1CCB68CB006BAFC0 /* Debug */,
				BC46CEFB1CCB68CB006BAFC0 /* Release */,
			);
			defaultConfigurationIsVisible = 0;
			defaultConfigurationName = Release;
		};
/* End XCConfigurationList section */

/* Begin XCVersionGroup section */
		BC46CF021CCB6966006BAFC0 /* Model.xcdatamodeld */ = {
			isa = XCVersionGroup;
			children = (
				BC46CF031CCB6966006BAFC0 /* Model.xcdatamodel */,
			);
			currentVersion = BC46CF031CCB6966006BAFC0 /* Model.xcdatamodel */;
			path = Model.xcdatamodeld;
			sourceTree = "<group>";
			versionGroupType = wrapper.xcdatamodel;
		};
/* End XCVersionGroup section */
	};
	rootObject = BC46CEDF1CCB68CA006BAFC0 /* Project object */;
}
